Microsoft Visual Studio Solution File, Format Version 12.00
# Visual Studio Version 17
VisualStudioVersion = 17.5.2.0
MinimumVisualStudioVersion = 10.0.40219.1
Project("{FAE04EC0-301F-11D3-BF4B-00C04F79EFBC}") = "VibePomodoroCore", "src\VibePomodoroCore\VibePomodoroCore.csproj", "{C1F3FD5A-BA70-2542-00EB-5124E4561DBC}"
EndProject
Project("{FAE04EC0-301F-11D3-BF4B-00C04F79EFBC}") = "VibePomodoroConsoleUI", "src\VibePomodoroConsoleUI\VibePomodoroConsoleUI.csproj", "{C1F3FD5A-BA70-2542-00EB-5124E4561DBB}"
EndProject
Global
	GlobalSection(SolutionConfigurationPlatforms) = preSolution
		Debug|Any CPU = Debug|Any CPU
		Release|Any CPU = Release|Any CPU
	EndGlobalSection
	GlobalSection(ProjectConfigurationPlatforms) = postSolution
		{C1F3FD5A-BA70-2542-00EB-5124E4561DBC}.Debug|Any CPU.ActiveCfg = Debug|Any CPU
		{C1F3FD5A-BA70-2542-00EB-5124E4561DBC}.Debug|Any CPU.Build.0 = Debug|Any CPU
		{C1F3FD5A-BA70-2542-00EB-5124E4561DBC}.Release|Any CPU.ActiveCfg = Release|Any CPU
		{C1F3FD5A-BA70-2542-00EB-5124E4561DBC}.Release|Any CPU.Build.0 = Release|Any CPU
		{C1F3FD5A-BA70-2542-00EB-5124E4561DBB}.Debug|Any CPU.ActiveCfg = Debug|Any CPU
		{C1F3FD5A-BA70-2542-00EB-5124E4561DBB}.Debug|Any CPU.Build.0 = Debug|Any CPU
		{C1F3FD5A-BA70-2542-00EB-5124E4561DBB}.Release|Any CPU.ActiveCfg = Release|Any CPU
		{C1F3FD5A-BA70-2542-00EB-5124E4561DBB}.Release|Any CPU.Build.0 = Release|Any CPU
	EndGlobalSection
	GlobalSection(SolutionProperties) = preSolution
		HideSolutionNode = FALSE
	EndGlobalSection
	GlobalSection(ExtensibilityGlobals) = postSolution
		SolutionGuid = {BF056D4D-536F-4138-AD60-6BF159B991F0}
	EndGlobalSection
EndGlobal
